
Microsoft Visual Studio Solution File, Format Version 12.00
# Visual Studio Version 17
VisualStudioVersion = 17.13.35806.99 d17.13
MinimumVisualStudioVersion = 10.0.40219.1
Project("{FAE04EC0-301F-11D3-BF4B-00C04F79EFBC}") = "AulaInvertida", "AulaInvertida\AulaInvertida.csproj", "{B11FC42D-F6C4-4876-AD34-CB940D20E935}"
EndProject
Global
	GlobalSection(SolutionConfigurationPlatforms) = preSolution
		Debug|Any CPU = Debug|Any CPU
		Release|Any CPU = Release|Any CPU
	EndGlobalSection
	GlobalSection(ProjectConfigurationPlatforms) = postSolution
		{B11FC42D-F6C4-4876-AD34-CB940D20E935}.Debug|Any CPU.ActiveCfg = Debug|Any CPU
		{B11FC42D-F6C4-4876-AD34-CB940D20E935}.Debug|Any CPU.Build.0 = Debug|Any CPU
		{B11FC42D-F6C4-4876-AD34-CB940D20E935}.Debug|Any CPU.Deploy.0 = Debug|Any CPU
		{B11FC42D-F6C4-4876-AD34-CB940D20E935}.Release|Any CPU.ActiveCfg = Release|Any CPU
		{B11FC42D-F6C4-4876-AD34-CB940D20E935}.Release|Any CPU.Build.0 = Release|Any CPU
		{B11FC42D-F6C4-4876-AD34-CB940D20E935}.Release|Any CPU.Deploy.0 = Release|Any CPU
	EndGlobalSection
	GlobalSection(SolutionProperties) = preSolution
		HideSolutionNode = FALSE
	EndGlobalSection
	GlobalSection(ExtensibilityGlobals) = postSolution
		SolutionGuid = {18C56754-22D2-4592-8B12-B5BC4B1AE813}
	EndGlobalSection
EndGlobal
